// !$*UTF8*$!
{
	archiveVersion = 1;
	classes = {
	};
	objectVersion = 77;
	objects = {

/* Begin PBXBuildFile section */
		2AA230712CCC1988004EE94E /* NIO in Frameworks */ = {isa = PBXBuildFile; productRef = 2AA230702CCC1988004EE94E /* NIO */; };
		2AA230732CCC1988004EE94E /* NIOConcurrencyHelpers in Frameworks */ = {isa = PBXBuildFile; productRef = 2AA230722CCC1988004EE94E /* NIOConcurrencyHelpers */; };
		2AA230752CCC1988004EE94E /* NIOCore in Frameworks */ = {isa = PBXBuildFile; productRef = 2AA230742CCC1988004EE94E /* NIOCore */; };
		2AA230772CCC1988004EE94E /* NIOEmbedded in Frameworks */ = {isa = PBXBuildFile; productRef = 2AA230762CCC1988004EE94E /* NIOEmbedded */; };
		2AA230792CCC1988004EE94E /* NIOFoundationCompat in Frameworks */ = {isa = PBXBuildFile; productRef = 2AA230782CCC1988004EE94E /* NIOFoundationCompat */; };
		2AA2307B2CCC1988004EE94E /* NIOHTTP1 in Frameworks */ = {isa = PBXBuildFile; productRef = 2AA2307A2CCC1988004EE94E /* NIOHTTP1 */; settings = {ATTRIBUTES = (Required, ); }; };
		2AA2307D2CCC1988004EE94E /* NIOPosix in Frameworks */ = {isa = PBXBuildFile; productRef = 2AA2307C2CCC1988004EE94E /* NIOPosix */; };
		2AA2307F2CCC1988004EE94E /* NIOTLS in Frameworks */ = {isa = PBXBuildFile; productRef = 2AA2307E2CCC1988004EE94E /* NIOTLS */; };
		2AA230812CCC1988004EE94E /* NIOTestUtils in Frameworks */ = {isa = PBXBuildFile; productRef = 2AA230802CCC1988004EE94E /* NIOTestUtils */; };
		2AA230832CCC1988004EE94E /* NIOWebSocket in Frameworks */ = {isa = PBXBuildFile; productRef = 2AA230822CCC1988004EE94E /* NIOWebSocket */; };
		2AA230852CCC1988004EE94E /* _NIOConcurrency in Frameworks */ = {isa = PBXBuildFile; productRef = 2AA230842CCC1988004EE94E /* _NIOConcurrency */; };
		2AA230872CCC1988004EE94E /* _NIOFileSystem in Frameworks */ = {isa = PBXBuildFile; productRef = 2AA230862CCC1988004EE94E /* _NIOFileSystem */; };
		2AA230892CCC1988004EE94E /* _NIOFileSystemFoundationCompat in Frameworks */ = {isa = PBXBuildFile; productRef = 2AA230882CCC1988004EE94E /* _NIOFileSystemFoundationCompat */; };
		2ABF0B2A2D0BCAA800B7C1E4 /* NIOSSL in Frameworks */ = {isa = PBXBuildFile; productRef = 2ABF0B292D0BCAA800B7C1E4 /* NIOSSL */; };
/* End PBXBuildFile section */

/* Begin PBXFileReference section */
		2AB2DB5B2CCC179000B290F7 /* NIO-Pipeline-FTP.app */ = {isa = PBXFileReference; explicitFileType = wrapper.application; includeInIndex = 0; path = "NIO-Pipeline-FTP.app"; sourceTree = BUILT_PRODUCTS_DIR; };
/* End PBXFileReference section */

/* Begin PBXFileSystemSynchronizedRootGroup section */
		2AB2DB5D2CCC179000B290F7 /* NIO-Pipeline-FTP */ = {
			isa = PBXFileSystemSynchronizedRootGroup;
			path = "NIO-Pipeline-FTP";
			sourceTree = "<group>";
		};
/* End PBXFileSystemSynchronizedRootGroup section */

/* Begin PBXFrameworksBuildPhase section */
		2AB2DB582CCC179000B290F7 /* Frameworks */ = {
			isa = PBXFrameworksBuildPhase;
			buildActionMask = 2147483647;
			files = (
				2AA230752CCC1988004EE94E /* NIOCore in Frameworks */,
				2AA230892CCC1988004EE94E /* _NIOFileSystemFoundationCompat in Frameworks */,
				2AA230792CCC1988004EE94E /* NIOFoundationCompat in Frameworks */,
				2AA230852CCC1988004EE94E /* _NIOConcurrency in Frameworks */,
				2AA230812CCC1988004EE94E /* NIOTestUtils in Frameworks */,
				2AA230872CCC1988004EE94E /* _NIOFileSystem in Frameworks */,
				2AA2307D2CCC1988004EE94E /* NIOPosix in Frameworks */,
				2AA230712CCC1988004EE94E /* NIO in Frameworks */,
				2AA230832CCC1988004EE94E /* NIOWebSocket in Frameworks */,
				2AA2307B2CCC1988004EE94E /* NIOHTTP1 in Frameworks */,
				2ABF0B2A2D0BCAA800B7C1E4 /* NIOSSL in Frameworks */,
				2AA230732CCC1988004EE94E /* NIOConcurrencyHelpers in Frameworks */,
				2AA230772CCC1988004EE94E /* NIOEmbedded in Frameworks */,
				2AA2307F2CCC1988004EE94E /* NIOTLS in Frameworks */,
			);
			runOnlyForDeploymentPostprocessing = 0;
		};
/* End PBXFrameworksBuildPhase section */

/* Begin PBXGroup section */
		2AB2DB522CCC179000B290F7 = {
			isa = PBXGroup;
			children = (
				2AB2DB5D2CCC179000B290F7 /* NIO-Pipeline-FTP */,
				2AB2DB5C2CCC179000B290F7 /* Products */,
			);
			sourceTree = "<group>";
		};
		2AB2DB5C2CCC179000B290F7 /* Products */ = {
			isa = PBXGroup;
			children = (
				2AB2DB5B2CCC179000B290F7 /* NIO-Pipeline-FTP.app */,
			);
			name = Products;
			sourceTree = "<group>";
		};
/* End PBXGroup section */

/* Begin PBXNativeTarget section */
		2AB2DB5A2CCC179000B290F7 /* NIO-Pipeline-FTP */ = {
			isa = PBXNativeTarget;
			buildConfigurationList = 2AB2DB692CCC179300B290F7 /* Build configuration list for PBXNativeTarget "NIO-Pipeline-FTP" */;
			buildPhases = (
				2AB2DB572CCC179000B290F7 /* Sources */,
				2AB2DB582CCC179000B290F7 /* Frameworks */,
				2AB2DB592CCC179000B290F7 /* Resources */,
			);
			buildRules = (
			);
			dependencies = (
			);
			fileSystemSynchronizedGroups = (
				2AB2DB5D2CCC179000B290F7 /* NIO-Pipeline-FTP */,
			);
			name = "NIO-Pipeline-FTP";
			packageProductDependencies = (
				2AA230702CCC1988004EE94E /* NIO */,
				2AA230722CCC1988004EE94E /* NIOConcurrencyHelpers */,
				2AA230742CCC1988004EE94E /* NIOCore */,
				2AA230762CCC1988004EE94E /* NIOEmbedded */,
				2AA230782CCC1988004EE94E /* NIOFoundationCompat */,
				2AA2307A2CCC1988004EE94E /* NIOHTTP1 */,
				2AA2307C2CCC1988004EE94E /* NIOPosix */,
				2AA2307E2CCC1988004EE94E /* NIOTLS */,
				2AA230802CCC1988004EE94E /* NIOTestUtils */,
				2AA230822CCC1988004EE94E /* NIOWebSocket */,
				2AA230842CCC1988004EE94E /* _NIOConcurrency */,
				2AA230862CCC1988004EE94E /* _NIOFileSystem */,
				2AA230882CCC1988004EE94E /* _NIOFileSystemFoundationCompat */,
				2ABF0B292D0BCAA800B7C1E4 /* NIOSSL */,
			);
			productName = "NIO-Pipeline-FTP";
			productReference = 2AB2DB5B2CCC179000B290F7 /* NIO-Pipeline-FTP.app */;
			productType = "com.apple.product-type.application";
		};
/* End PBXNativeTarget section */

/* Begin PBXProject section */
		2AB2DB532CCC179000B290F7 /* Project object */ = {
			isa = PBXProject;
			attributes = {
				BuildIndependentTargetsInParallel = 1;
				LastSwiftUpdateCheck = 1600;
				LastUpgradeCheck = 1600;
				TargetAttributes = {
					2AB2DB5A2CCC179000B290F7 = {
						CreatedOnToolsVersion = 16.0;
					};
				};
			};
			buildConfigurationList = 2AB2DB562CCC179000B290F7 /* Build configuration list for PBXProject "NIO-Pipeline-FTP" */;
			developmentRegion = en;
			hasScannedForEncodings = 0;
			knownRegions = (
				en,
				Base,
			);
			mainGroup = 2AB2DB522CCC179000B290F7;
			minimizedProjectReferenceProxies = 1;
			packageReferences = (
				2AA2306F2CCC1988004EE94E /* XCRemoteSwiftPackageReference "swift-nio" */,
				2ABF0B282D0BCAA800B7C1E4 /* XCRemoteSwiftPackageReference "swift-nio-ssl" */,
			);
			preferredProjectObjectVersion = 77;
			productRefGroup = 2AB2DB5C2CCC179000B290F7 /* Products */;
			projectDirPath = "";
			projectRoot = "";
			targets = (
				2AB2DB5A2CCC179000B290F7 /* NIO-Pipeline-FTP */,
			);
		};
/* End PBXProject section */

/* Begin PBXResourcesBuildPhase section */
		2AB2DB592CCC179000B290F7 /* Resources */ = {
			isa = PBXResourcesBuildPhase;
			buildActionMask = 2147483647;
			files = (
			);
			runOnlyForDeploymentPostprocessing = 0;
		};
/* End PBXResourcesBuildPhase section */

/* Begin PBXSourcesBuildPhase section */
		2AB2DB572CCC179000B290F7 /* Sources */ = {
			isa = PBXSourcesBuildPhase;
			buildActionMask = 2147483647;
			files = (
			);
			runOnlyForDeploymentPostprocessing = 0;
		};
/* End PBXSourcesBuildPhase section */

/* Begin XCBuildConfiguration section */
		2AB2DB672CCC179300B290F7 /* Debug */ = {
			isa = XCBuildConfiguration;
			buildSettings = {
				ALWAYS_SEARCH_USER_PATHS = NO;
				ASSETCATALOG_COMPILER_GENERATE_SWIFT_ASSET_SYMBOL_EXTENSIONS = YES;
				CLANG_ANALYZER_NONNULL = YES;
				CLANG_ANALYZER_NUMBER_OBJECT_CONVERSION = YES_AGGRESSIVE;
				CLANG_CXX_LANGUAGE_STANDARD = "gnu++20";
				CLANG_ENABLE_MODULES = YES;
				CLANG_ENABLE_OBJC_ARC = YES;
				CLANG_ENABLE_OBJC_WEAK = YES;
				CLANG_WARN_BLOCK_CAPTURE_AUTORELEASING = YES;
				CLANG_WARN_BOOL_CONVERSION = YES;
				CLANG_WARN_COMMA = YES;
				CLANG_WARN_CONSTANT_CONVERSION = YES;
				CLANG_WARN_DEPRECATED_OBJC_IMPLEMENTATIONS = YES;
				CLANG_WARN_DIRECT_OBJC_ISA_USAGE = YES_ERROR;
				CLANG_WARN_DOCUMENTATION_COMMENTS = YES;
				CLANG_WARN_EMPTY_BODY = YES;
				CLANG_WARN_ENUM_CONVERSION = YES;
				CLANG_WARN_INFINITE_RECURSION = YES;
				CLANG_WARN_INT_CONVERSION = YES;
				CLANG_WARN_NON_LITERAL_NULL_CONVERSION = YES;
				CLANG_WARN_OBJC_IMPLICIT_RETAIN_SELF = YES;
				CLANG_WARN_OBJC_LITERAL_CONVERSION = YES;
				CLANG_WARN_OBJC_ROOT_CLASS = YES_ERROR;
				CLANG_WARN_QUOTED_INCLUDE_IN_FRAMEWORK_HEADER = YES;
				CLANG_WARN_RANGE_LOOP_ANALYSIS = YES;
				CLANG_WARN_STRICT_PROTOTYPES = YES;
				CLANG_WARN_SUSPICIOUS_MOVE = YES;
				CLANG_WARN_UNGUARDED_AVAILABILITY = YES_AGGRESSIVE;
				CLANG_WARN_UNREACHABLE_CODE = YES;
				CLANG_WARN__DUPLICATE_METHOD_MATCH = YES;
				COPY_PHASE_STRIP = NO;
				DEBUG_INFORMATION_FORMAT = dwarf;
				ENABLE_STRICT_OBJC_MSGSEND = YES;
				ENABLE_TESTABILITY = YES;
				ENABLE_USER_SCRIPT_SANDBOXING = YES;
				GCC_C_LANGUAGE_STANDARD = gnu17;
				GCC_DYNAMIC_NO_PIC = NO;
				GCC_NO_COMMON_BLOCKS = YES;
				GCC_OPTIMIZATION_LEVEL = 0;
				GCC_PREPROCESSOR_DEFINITIONS = (
					"DEBUG=1",
					"$(inherited)",
				);
				GCC_WARN_64_TO_32_BIT_CONVERSION = YES;
				GCC_WARN_ABOUT_RETURN_TYPE = YES_ERROR;
				GCC_WARN_UNDECLARED_SELECTOR = YES;
				GCC_WARN_UNINITIALIZED_AUTOS = YES_AGGRESSIVE;
				GCC_WARN_UNUSED_FUNCTION = YES;
				GCC_WARN_UNUSED_VARIABLE = YES;
				IPHONEOS_DEPLOYMENT_TARGET = 18.0;
				LOCALIZATION_PREFERS_STRING_CATALOGS = YES;
				MTL_ENABLE_DEBUG_INFO = INCLUDE_SOURCE;
				MTL_FAST_MATH = YES;
				ONLY_ACTIVE_ARCH = YES;
				SDKROOT = iphoneos;
				SWIFT_ACTIVE_COMPILATION_CONDITIONS = "DEBUG $(inherited)";
				SWIFT_OPTIMIZATION_LEVEL = "-Onone";
				SWIFT_VERSION = 6.0;
			};
			name = Debug;
		};
		2AB2DB682CCC179300B290F7 /* Release */ = {
			isa = XCBuildConfiguration;
			buildSettings = {
				ALWAYS_SEARCH_USER_PATHS = NO;
				ASSETCATALOG_COMPILER_GENERATE_SWIFT_ASSET_SYMBOL_EXTENSIONS = YES;
				CLANG_ANALYZER_NONNULL = YES;
				CLANG_ANALYZER_NUMBER_OBJECT_CONVERSION = YES_AGGRESSIVE;
				CLANG_CXX_LANGUAGE_STANDARD = "gnu++20";
				CLANG_ENABLE_MODULES = YES;
				CLANG_ENABLE_OBJC_ARC = YES;
				CLANG_ENABLE_OBJC_WEAK = YES;
				CLANG_WARN_BLOCK_CAPTURE_AUTORELEASING = YES;
				CLANG_WARN_BOOL_CONVERSION = YES;
				CLANG_WARN_COMMA = YES;
				CLANG_WARN_CONSTANT_CONVERSION = YES;
				CLANG_WARN_DEPRECATED_OBJC_IMPLEMENTATIONS = YES;
				CLANG_WARN_DIRECT_OBJC_ISA_USAGE = YES_ERROR;
				CLANG_WARN_DOCUMENTATION_COMMENTS = YES;
				CLANG_WARN_EMPTY_BODY = YES;
				CLANG_WARN_ENUM_CONVERSION = YES;
				CLANG_WARN_INFINITE_RECURSION = YES;
				CLANG_WARN_INT_CONVERSION = YES;
				CLANG_WARN_NON_LITERAL_NULL_CONVERSION = YES;
				CLANG_WARN_OBJC_IMPLICIT_RETAIN_SELF = YES;
				CLANG_WARN_OBJC_LITERAL_CONVERSION = YES;
				CLANG_WARN_OBJC_ROOT_CLASS = YES_ERROR;
				CLANG_WARN_QUOTED_INCLUDE_IN_FRAMEWORK_HEADER = YES;
				CLANG_WARN_RANGE_LOOP_ANALYSIS = YES;
				CLANG_WARN_STRICT_PROTOTYPES = YES;
				CLANG_WARN_SUSPICIOUS_MOVE = YES;
				CLANG_WARN_UNGUARDED_AVAILABILITY = YES_AGGRESSIVE;
				CLANG_WARN_UNREACHABLE_CODE = YES;
				CLANG_WARN__DUPLICATE_METHOD_MATCH = YES;
				COPY_PHASE_STRIP = NO;
				DEBUG_INFORMATION_FORMAT = "dwarf-with-dsym";
				ENABLE_NS_ASSERTIONS = NO;
				ENABLE_STRICT_OBJC_MSGSEND = YES;
				ENABLE_USER_SCRIPT_SANDBOXING = YES;
				GCC_C_LANGUAGE_STANDARD = gnu17;
				GCC_NO_COMMON_BLOCKS = YES;
				GCC_WARN_64_TO_32_BIT_CONVERSION = YES;
				GCC_WARN_ABOUT_RETURN_TYPE = YES_ERROR;
				GCC_WARN_UNDECLARED_SELECTOR = YES;
				GCC_WARN_UNINITIALIZED_AUTOS = YES_AGGRESSIVE;
				GCC_WARN_UNUSED_FUNCTION = YES;
				GCC_WARN_UNUSED_VARIABLE = YES;
				IPHONEOS_DEPLOYMENT_TARGET = 18.0;
				LOCALIZATION_PREFERS_STRING_CATALOGS = YES;
				MTL_ENABLE_DEBUG_INFO = NO;
				MTL_FAST_MATH = YES;
				SDKROOT = iphoneos;
				SWIFT_COMPILATION_MODE = wholemodule;
				SWIFT_VERSION = 6.0;
				VALIDATE_PRODUCT = YES;
			};
			name = Release;
		};
		2AB2DB6A2CCC179300B290F7 /* Debug */ = {
			isa = XCBuildConfiguration;
			buildSettings = {
				ASSETCATALOG_COMPILER_APPICON_NAME = AppIcon;
				ASSETCATALOG_COMPILER_GLOBAL_ACCENT_COLOR_NAME = AccentColor;
				CODE_SIGN_STYLE = Automatic;
				CURRENT_PROJECT_VERSION = 1;
				DEVELOPMENT_ASSET_PATHS = "\"NIO-Pipeline-FTP/Preview Content\"";
				DEVELOPMENT_TEAM = 4CY57HU36V;
				ENABLE_PREVIEWS = YES;
				GENERATE_INFOPLIST_FILE = YES;
				INFOPLIST_KEY_UIApplicationSceneManifest_Generation = YES;
				INFOPLIST_KEY_UIApplicationSupportsIndirectInputEvents = YES;
				INFOPLIST_KEY_UILaunchScreen_Generation = YES;
				INFOPLIST_KEY_UISupportedInterfaceOrientations_iPad = "UIInterfaceOrientationPortrait UIInterfaceOrientationPortraitUpsideDown UIInterfaceOrientationLandscapeLeft UIInterfaceOrientationLandscapeRight";
				INFOPLIST_KEY_UISupportedInterfaceOrientations_iPhone = "UIInterfaceOrientationPortrait UIInterfaceOrientationLandscapeLeft UIInterfaceOrientationLandscapeRight";
				LD_RUNPATH_SEARCH_PATHS = (
					"$(inherited)",
					"@executable_path/Frameworks",
				);
				MARKETING_VERSION = 1.0;
				PRODUCT_BUNDLE_IDENTIFIER = Warren.NIO.FTP;
				PRODUCT_NAME = "$(TARGET_NAME)";
				SWIFT_EMIT_LOC_STRINGS = YES;
				SWIFT_VERSION = 5.0;
				TARGETED_DEVICE_FAMILY = "1,2";
			};
			name = Debug;
		};
		2AB2DB6B2CCC179300B290F7 /* Release */ = {
			isa = XCBuildConfiguration;
			buildSettings = {
				ASSETCATALOG_COMPILER_APPICON_NAME = AppIcon;
				ASSETCATALOG_COMPILER_GLOBAL_ACCENT_COLOR_NAME = AccentColor;
				CODE_SIGN_STYLE = Automatic;
				CURRENT_PROJECT_VERSION = 1;
				DEVELOPMENT_ASSET_PATHS = "\"NIO-Pipeline-FTP/Preview Content\"";
				DEVELOPMENT_TEAM = 4CY57HU36V;
				ENABLE_PREVIEWS = YES;
				GENERATE_INFOPLIST_FILE = YES;
				INFOPLIST_KEY_UIApplicationSceneManifest_Generation = YES;
				INFOPLIST_KEY_UIApplicationSupportsIndirectInputEvents = YES;
				INFOPLIST_KEY_UILaunchScreen_Generation = YES;
				INFOPLIST_KEY_UISupportedInterfaceOrientations_iPad = "UIInterfaceOrientationPortrait UIInterfaceOrientationPortraitUpsideDown UIInterfaceOrientationLandscapeLeft UIInterfaceOrientationLandscapeRight";
				INFOPLIST_KEY_UISupportedInterfaceOrientations_iPhone = "UIInterfaceOrientationPortrait UIInterfaceOrientationLandscapeLeft UIInterfaceOrientationLandscapeRight";
				LD_RUNPATH_SEARCH_PATHS = (
					"$(inherited)",
					"@executable_path/Frameworks",
				);
				MARKETING_VERSION = 1.0;
				PRODUCT_BUNDLE_IDENTIFIER = Warren.NIO.FTP;
				PRODUCT_NAME = "$(TARGET_NAME)";
				SWIFT_EMIT_LOC_STRINGS = YES;
				SWIFT_VERSION = 5.0;
				TARGETED_DEVICE_FAMILY = "1,2";
			};
			name = Release;
		};
/* End XCBuildConfiguration section */

/* Begin XCConfigurationList section */
		2AB2DB562CCC179000B290F7 /* Build configuration list for PBXProject "NIO-Pipeline-FTP" */ = {
			isa = XCConfigurationList;
			buildConfigurations = (
				2AB2DB672CCC179300B290F7 /* Debug */,
				2AB2DB682CCC179300B290F7 /* Release */,
			);
			defaultConfigurationIsVisible = 0;
			defaultConfigurationName = Release;
		};
		2AB2DB692CCC179300B290F7 /* Build configuration list for PBXNativeTarget "NIO-Pipeline-FTP" */ = {
			isa = XCConfigurationList;
			buildConfigurations = (
				2AB2DB6A2CCC179300B290F7 /* Debug */,
				2AB2DB6B2CCC179300B290F7 /* Release */,
			);
			defaultConfigurationIsVisible = 0;
			defaultConfigurationName = Release;
		};
/* End XCConfigurationList section */

/* Begin XCRemoteSwiftPackageReference section */
		2AA2306F2CCC1988004EE94E /* XCRemoteSwiftPackageReference "swift-nio" */ = {
			isa = XCRemoteSwiftPackageReference;
			repositoryURL = "https://github.com/apple/swift-nio.git";
			requirement = {
				kind = upToNextMajorVersion;
				minimumVersion = 2.76.1;
			};
		};
		2ABF0B282D0BCAA800B7C1E4 /* XCRemoteSwiftPackageReference "swift-nio-ssl" */ = {
			isa = XCRemoteSwiftPackageReference;
			repositoryURL = "https://github.com/apple/swift-nio-ssl.git";
			requirement = {
				kind = upToNextMajorVersion;
				minimumVersion = 2.29.0;
			};
		};
/* End XCRemoteSwiftPackageReference section */

/* Begin XCSwiftPackageProductDependency section */
		2AA230702CCC1988004EE94E /* NIO */ = {
			isa = XCSwiftPackageProductDependency;
			package = 2AA2306F2CCC1988004EE94E /* XCRemoteSwiftPackageReference "swift-nio" */;
			productName = NIO;
		};
		2AA230722CCC1988004EE94E /* NIOConcurrencyHelpers */ = {
			isa = XCSwiftPackageProductDependency;
			package = 2AA2306F2CCC1988004EE94E /* XCRemoteSwiftPackageReference "swift-nio" */;
			productName = NIOConcurrencyHelpers;
		};
		2AA230742CCC1988004EE94E /* NIOCore */ = {
			isa = XCSwiftPackageProductDependency;
			package = 2AA2306F2CCC1988004EE94E /* XCRemoteSwiftPackageReference "swift-nio" */;
			productName = NIOCore;
		};
		2AA230762CCC1988004EE94E /* NIOEmbedded */ = {
			isa = XCSwiftPackageProductDependency;
			package = 2AA2306F2CCC1988004EE94E /* XCRemoteSwiftPackageReference "swift-nio" */;
			productName = NIOEmbedded;
		};
		2AA230782CCC1988004EE94E /* NIOFoundationCompat */ = {
			isa = XCSwiftPackageProductDependency;
			package = 2AA2306F2CCC1988004EE94E /* XCRemoteSwiftPackageReference "swift-nio" */;
			productName = NIOFoundationCompat;
		};
		2AA2307A2CCC1988004EE94E /* NIOHTTP1 */ = {
			isa = XCSwiftPackageProductDependency;
			package = 2AA2306F2CCC1988004EE94E /* XCRemoteSwiftPackageReference "swift-nio" */;
			productName = NIOHTTP1;
		};
		2AA2307C2CCC1988004EE94E /* NIOPosix */ = {
			isa = XCSwiftPackageProductDependency;
			package = 2AA2306F2CCC1988004EE94E /* XCRemoteSwiftPackageReference "swift-nio" */;
			productName = NIOPosix;
		};
		2AA2307E2CCC1988004EE94E /* NIOTLS */ = {
			isa = XCSwiftPackageProductDependency;
			package = 2AA2306F2CCC1988004EE94E /* XCRemoteSwiftPackageReference "swift-nio" */;
			productName = NIOTLS;
		};
		2AA230802CCC1988004EE94E /* NIOTestUtils */ = {
			isa = XCSwiftPackageProductDependency;
			package = 2AA2306F2CCC1988004EE94E /* XCRemoteSwiftPackageReference "swift-nio" */;
			productName = NIOTestUtils;
		};
		2AA230822CCC1988004EE94E /* NIOWebSocket */ = {
			isa = XCSwiftPackageProductDependency;
			package = 2AA2306F2CCC1988004EE94E /* XCRemoteSwiftPackageReference "swift-nio" */;
			productName = NIOWebSocket;
		};
		2AA230842CCC1988004EE94E /* _NIOConcurrency */ = {
			isa = XCSwiftPackageProductDependency;
			package = 2AA2306F2CCC1988004EE94E /* XCRemoteSwiftPackageReference "swift-nio" */;
			productName = _NIOConcurrency;
		};
		2AA230862CCC1988004EE94E /* _NIOFileSystem */ = {
			isa = XCSwiftPackageProductDependency;
			package = 2AA2306F2CCC1988004EE94E /* XCRemoteSwiftPackageReference "swift-nio" */;
			productName = _NIOFileSystem;
		};
		2AA230882CCC1988004EE94E /* _NIOFileSystemFoundationCompat */ = {
			isa = XCSwiftPackageProductDependency;
			package = 2AA2306F2CCC1988004EE94E /* XCRemoteSwiftPackageReference "swift-nio" */;
			productName = _NIOFileSystemFoundationCompat;
		};
		2ABF0B292D0BCAA800B7C1E4 /* NIOSSL */ = {
			isa = XCSwiftPackageProductDependency;
			package = 2ABF0B282D0BCAA800B7C1E4 /* XCRemoteSwiftPackageReference "swift-nio-ssl" */;
			productName = NIOSSL;
		};
/* End XCSwiftPackageProductDependency section */
	};
	rootObject = 2AB2DB532CCC179000B290F7 /* Project object */;
}
